
Microsoft Visual Studio Solution File, Format Version 12.00
# Visual Studio 15
VisualStudioVersion = 15.0.27004.2010
MinimumVisualStudioVersion = 10.0.40219.1
Project("{FAE04EC0-301F-11D3-BF4B-00C04F79EFBC}") = "WindenAssgnment9", "WindenAssgnment9\WindenAssgnment9.csproj", "{880E0992-AC59-42EB-A2BB-5199ECF62BCF}"
EndProject
Global
	GlobalSection(SolutionConfigurationPlatforms) = preSolution
		Debug|Any CPU = Debug|Any CPU
		Release|Any CPU = Release|Any CPU
	EndGlobalSection
	GlobalSection(ProjectConfigurationPlatforms) = postSolution
		{880E0992-AC59-42EB-A2BB-5199ECF62BCF}.Debug|Any CPU.ActiveCfg = Debug|Any CPU
		{880E0992-AC59-42EB-A2BB-5199ECF62BCF}.Debug|Any CPU.Build.0 = Debug|Any CPU
		{880E0992-AC59-42EB-A2BB-5199ECF62BCF}.Release|Any CPU.ActiveCfg = Release|Any CPU
		{880E0992-AC59-42EB-A2BB-5199ECF62BCF}.Release|Any CPU.Build.0 = Release|Any CPU
	EndGlobalSection
	GlobalSection(SolutionProperties) = preSolution
		HideSolutionNode = FALSE
	EndGlobalSection
	GlobalSection(ExtensibilityGlobals) = postSolution
		SolutionGuid = {D559304C-E4EF-4ABD-90ED-150C18A082D4}
	EndGlobalSection
EndGlobal
